
Microsoft Visual Studio Solution File, Format Version 12.00
# Visual Studio Version 17
VisualStudioVersion = 17.4.33213.308
MinimumVisualStudioVersion = 10.0.40219.1
Project("{FAE04EC0-301F-11D3-BF4B-00C04F79EFBC}") = "EventsAndDelegatesDemo", "EventsAndDelegatesDemo\EventsAndDelegatesDemo.csproj", "{469B1364-8595-4B81-B2C7-F6CAD233B41D}"
EndProject
Global
	GlobalSection(SolutionConfigurationPlatforms) = preSolution
		Debug|Any CPU = Debug|Any CPU
		Release|Any CPU = Release|Any CPU
	EndGlobalSection
	GlobalSection(ProjectConfigurationPlatforms) = postSolution
		{469B1364-8595-4B81-B2C7-F6CAD233B41D}.Debug|Any CPU.ActiveCfg = Debug|Any CPU
		{469B1364-8595-4B81-B2C7-F6CAD233B41D}.Debug|Any CPU.Build.0 = Debug|Any CPU
		{469B1364-8595-4B81-B2C7-F6CAD233B41D}.Release|Any CPU.ActiveCfg = Release|Any CPU
		{469B1364-8595-4B81-B2C7-F6CAD233B41D}.Release|Any CPU.Build.0 = Release|Any CPU
	EndGlobalSection
	GlobalSection(SolutionProperties) = preSolution
		HideSolutionNode = FALSE
	EndGlobalSection
	GlobalSection(ExtensibilityGlobals) = postSolution
		SolutionGuid = {9E79D14E-4AE2-4B28-9305-2AEA145EFDA5}
	EndGlobalSection
EndGlobal
